
Microsoft Visual Studio Solution File, Format Version 12.00
# Visual Studio 2013
VisualStudioVersion = 12.0.21005.1
MinimumVisualStudioVersion = 10.0.40219.1
Project("{FAE04EC0-301F-11D3-BF4B-00C04F79EFBC}") = "Website2", "Website2\Website2.csproj", "{DD1C0FF8-A169-4619-8C4F-E7C6CDD8B155}"
EndProject
Project("{FAE04EC0-301F-11D3-BF4B-00C04F79EFBC}") = "UnitTests", "UnitTests\UnitTests.csproj", "{30F969E9-C928-428D-9455-4FDAD1129ADF}"
EndProject
Global
	GlobalSection(SolutionConfigurationPlatforms) = preSolution
		Debug|Any CPU = Debug|Any CPU
		Release|Any CPU = Release|Any CPU
	EndGlobalSection
	GlobalSection(ProjectConfigurationPlatforms) = postSolution
		{DD1C0FF8-A169-4619-8C4F-E7C6CDD8B155}.Debug|Any CPU.ActiveCfg = Debug|Any CPU
		{DD1C0FF8-A169-4619-8C4F-E7C6CDD8B155}.Debug|Any CPU.Build.0 = Debug|Any CPU
		{DD1C0FF8-A169-4619-8C4F-E7C6CDD8B155}.Release|Any CPU.ActiveCfg = Release|Any CPU
		{DD1C0FF8-A169-4619-8C4F-E7C6CDD8B155}.Release|Any CPU.Build.0 = Release|Any CPU
		{30F969E9-C928-428D-9455-4FDAD1129ADF}.Debug|Any CPU.ActiveCfg = Debug|Any CPU
		{30F969E9-C928-428D-9455-4FDAD1129ADF}.Debug|Any CPU.Build.0 = Debug|Any CPU
		{30F969E9-C928-428D-9455-4FDAD1129ADF}.Release|Any CPU.ActiveCfg = Release|Any CPU
		{30F969E9-C928-428D-9455-4FDAD1129ADF}.Release|Any CPU.Build.0 = Release|Any CPU
	EndGlobalSection
	GlobalSection(SolutionProperties) = preSolution
		HideSolutionNode = FALSE
	EndGlobalSection
EndGlobal
